Microsoft Visual Studio Solution File, Format Version 11.00
# Visual Studio 2008

Project("{82EADD5D-E94B-3B74-61C9-3A959F8D61EB}") = "boomTune", "Assembly-CSharp-firstpass.csproj", "{158F0DB7-1F5E-759E-73E2-DBB6A0DE495C}"
EndProject
Project("{82EADD5D-E94B-3B74-61C9-3A959F8D61EB}") = "boomTune", "Assembly-CSharp.csproj", "{99025DAE-3BE3-4CCA-5821-110C4DBA02D6}"
EndProject
Project("{82EADD5D-E94B-3B74-61C9-3A959F8D61EB}") = "boomTune", "Assembly-CSharp-Editor.csproj", "{C526B352-C57E-576C-80EC-FD8AF511506B}"
EndProject
Global
	GlobalSection(SolutionConfigurationPlatforms) = preSolution
		Debug|Any CPU = Debug|Any CPU
		Release|Any CPU = Release|Any CPU
	EndGlobalSection
	GlobalSection(ProjectConfigurationPlatforms) = postSolution
		{158F0DB7-1F5E-759E-73E2-DBB6A0DE495C}.Debug|Any CPU.ActiveCfg = Debug|Any CPU
		{158F0DB7-1F5E-759E-73E2-DBB6A0DE495C}.Debug|Any CPU.Build.0 = Debug|Any CPU
		{158F0DB7-1F5E-759E-73E2-DBB6A0DE495C}.Release|Any CPU.ActiveCfg = Release|Any CPU
		{158F0DB7-1F5E-759E-73E2-DBB6A0DE495C}.Release|Any CPU.Build.0 = Release|Any CPU
		{99025DAE-3BE3-4CCA-5821-110C4DBA02D6}.Debug|Any CPU.ActiveCfg = Debug|Any CPU
		{99025DAE-3BE3-4CCA-5821-110C4DBA02D6}.Debug|Any CPU.Build.0 = Debug|Any CPU
		{99025DAE-3BE3-4CCA-5821-110C4DBA02D6}.Release|Any CPU.ActiveCfg = Release|Any CPU
		{99025DAE-3BE3-4CCA-5821-110C4DBA02D6}.Release|Any CPU.Build.0 = Release|Any CPU
		{C526B352-C57E-576C-80EC-FD8AF511506B}.Debug|Any CPU.ActiveCfg = Debug|Any CPU
		{C526B352-C57E-576C-80EC-FD8AF511506B}.Debug|Any CPU.Build.0 = Debug|Any CPU
		{C526B352-C57E-576C-80EC-FD8AF511506B}.Release|Any CPU.ActiveCfg = Release|Any CPU
		{C526B352-C57E-576C-80EC-FD8AF511506B}.Release|Any CPU.Build.0 = Release|Any CPU
	EndGlobalSection
	GlobalSection(SolutionProperties) = preSolution
		HideSolutionNode = FALSE
	EndGlobalSection
	GlobalSection(MonoDevelopProperties) = preSolution
		StartupItem = Assembly-CSharp.csproj
	EndGlobalSection
EndGlobal
