Microsoft Visual Studio Solution File, Format Version 11.00
# Visual Studio 2008

Project("{D9FB75CF-EB85-787C-9736-F7228843A8CF}") = "infinite_runner", "Assembly-CSharp.csproj", "{56B220CD-22EC-9A3A-55F5-55294D3AC22A}"
EndProject
Project("{D9FB75CF-EB85-787C-9736-F7228843A8CF}") = "infinite_runner", "Assembly-CSharp-Editor.csproj", "{E5163BB8-0A3C-BB82-E8B6-3F640031D019}"
EndProject
Global
	GlobalSection(SolutionConfigurationPlatforms) = preSolution
		Debug|Any CPU = Debug|Any CPU
		Release|Any CPU = Release|Any CPU
	EndGlobalSection
	GlobalSection(ProjectConfigurationPlatforms) = postSolution
		{56B220CD-22EC-9A3A-55F5-55294D3AC22A}.Debug|Any CPU.ActiveCfg = Debug|Any CPU
		{56B220CD-22EC-9A3A-55F5-55294D3AC22A}.Debug|Any CPU.Build.0 = Debug|Any CPU
		{56B220CD-22EC-9A3A-55F5-55294D3AC22A}.Release|Any CPU.ActiveCfg = Release|Any CPU
		{56B220CD-22EC-9A3A-55F5-55294D3AC22A}.Release|Any CPU.Build.0 = Release|Any CPU
		{E5163BB8-0A3C-BB82-E8B6-3F640031D019}.Debug|Any CPU.ActiveCfg = Debug|Any CPU
		{E5163BB8-0A3C-BB82-E8B6-3F640031D019}.Debug|Any CPU.Build.0 = Debug|Any CPU
		{E5163BB8-0A3C-BB82-E8B6-3F640031D019}.Release|Any CPU.ActiveCfg = Release|Any CPU
		{E5163BB8-0A3C-BB82-E8B6-3F640031D019}.Release|Any CPU.Build.0 = Release|Any CPU
	EndGlobalSection
	GlobalSection(SolutionProperties) = preSolution
		HideSolutionNode = FALSE
	EndGlobalSection
	GlobalSection(MonoDevelopProperties) = preSolution
		StartupItem = Assembly-CSharp.csproj
	EndGlobalSection
EndGlobal
